
Microsoft Visual Studio Solution File, Format Version 12.00
# Visual Studio 2013
VisualStudioVersion = 12.0.21005.1
MinimumVisualStudioVersion = 10.0.40219.1
Project("{FAE04EC0-301F-11D3-BF4B-00C04F79EFBC}") = "MvcAttributeRouting", "MvcAttributeRouting\MvcAttributeRouting.csproj", "{C1F88B2B-30B4-4304-8E9C-3AE7B9928D97}"
EndProject
Global
	GlobalSection(SolutionConfigurationPlatforms) = preSolution
		Debug|Any CPU = Debug|Any CPU
		Release|Any CPU = Release|Any CPU
	EndGlobalSection
	GlobalSection(ProjectConfigurationPlatforms) = postSolution
		{C1F88B2B-30B4-4304-8E9C-3AE7B9928D97}.Debug|Any CPU.ActiveCfg = Debug|Any CPU
		{C1F88B2B-30B4-4304-8E9C-3AE7B9928D97}.Debug|Any CPU.Build.0 = Debug|Any CPU
		{C1F88B2B-30B4-4304-8E9C-3AE7B9928D97}.Release|Any CPU.ActiveCfg = Release|Any CPU
		{C1F88B2B-30B4-4304-8E9C-3AE7B9928D97}.Release|Any CPU.Build.0 = Release|Any CPU
	EndGlobalSection
	GlobalSection(SolutionProperties) = preSolution
		HideSolutionNode = FALSE
	EndGlobalSection
EndGlobal
